# This file is autogenerated, do not edit; changes may be undone by the next 'dep ensure'.


[[projects]]
  digest = "1:511f7e1ca840c3b8c5761870d8606aa8bdf95f5d422a74fbe0ef3cf210cfe2c9"
  name = "github.com/davecgh/go-spew"
  packages = ["spew"]
  pruneopts = "UT"
  revision = "04cdfd42973bb9c8589fd6a731800cf222fde1a9"

[[projects]]
  branch = "master"
  digest = "1:1dbbe17d2835898bb234506adbae136f673f8fa58e357e1d48fc50dd4e45afbb"
  name = "github.com/hashicorp/consul"
  packages = ["api"]
  pruneopts = "UT"
  revision = "8471360c9edbb66215cf5dd10ab8d333ea937766"

[[projects]]
  digest = "1:07671f8997086ed115824d1974507d2b147d1e0463675ea5dbf3be89b1c2c563"
  name = "github.com/hashicorp/errwrap"
  packages = ["."]
  pruneopts = "UT"
  revision = "7554cd9344cec97297fa6649b055a8c98c2a1e55"

[[projects]]
  digest = "1:3cc8d6f7489eff4cc78ce9fd6591978d270a55518bbbe66628eb7eb06cbf899b"
  name = "github.com/hashicorp/go-cleanhttp"
  packages = ["."]
  pruneopts = "UT"
  revision = "ad28ea4487f05916463e2423a55166280e8254b5"

[[projects]]
  digest = "1:ac38f81aee570c604017975a85d820569ad47719ea18ade898a9ae87a53d4f2f"
  name = "github.com/hashicorp/go-multierror"
  packages = ["."]
  pruneopts = "UT"
  revision = "8484912a3b9987857bac52e0c5fec2b95f419628"

[[projects]]
  digest = "1:d593bde8f00931cb169f8fc014ab0f188104e108d69c560b41e3607f10e3e8f2"
  name = "github.com/hashicorp/hcl"
  packages = [
    ".",
    "hcl/ast",
    "hcl/parser",
    "hcl/scanner",
    "hcl/strconv",
    "hcl/token",
    "json/parser",
    "json/scanner",
    "json/token",
  ]
  pruneopts = "UT"
  revision = "7cb7455c285ca3bf3362aa4ba6a06a6d6f5c3ba0"

[[projects]]
  digest = "1:0dd7b7b01769f9df356dc99f9e4144bdbabf6c79041ea7c0892379c5737f3c44"
  name = "github.com/hashicorp/serf"
  packages = ["coordinate"]
  pruneopts = "UT"
  revision = "f679d7594a349263f6118db40d87122d3a474e7d"

[[projects]]
  digest = "1:870d441fe217b8e689d7949fef6e43efbc787e50f200cb1e70dbca9204a1d6be"
  name = "github.com/inconshreveable/mousetrap"
  packages = ["."]
  pruneopts = "UT"
  revision = "76626ae9c91c4f2a10f34cad8ce83ea42c93bb75"
  version = "v1.0"

[[projects]]
  branch = "master"
  digest = "1:d30baffaf6051a58d641f23d9d3a2d8e87e7e29fe70e62b4eea50edb5541f41b"
  name = "github.com/mantl/consul-cli"
  packages = [
    "action",
    "commands",
  ]
  pruneopts = "UT"
  revision = "66f5e798c64e0ba048e4a43f7786a2e5ccb07cfa"

[[projects]]
  digest = "1:08413c4235cad94a96c39e1e2f697789733c4a87d1fdf06b412d2cf2ba49826a"
  name = "github.com/pmezard/go-difflib"
  packages = ["difflib"]
  pruneopts = "UT"
  revision = "d8ed2627bdf02c080bf22230dbb337003b7aba2d"

[[projects]]
  digest = "1:466208cd4f78e2a453d92381511c0fa7bba694a3b42e5bed4a59f3ecbe1bb567"
  name = "github.com/spf13/cobra"
  packages = ["."]
  pruneopts = "UT"
  revision = "9495bc009a56819bdb0ddbc1a373e29c140bc674"

[[projects]]
  digest = "1:ce8848a6fa8a2014d5fd57b5caa9c3c8000e29fb4cfe1b5e3c3d340ce766d56e"
  name = "github.com/spf13/pflag"
  packages = ["."]
  pruneopts = "UT"
  revision = "5ccb023bc27df288a957c5e994cd44fd19619465"

[[projects]]
  digest = "1:b566bbc018497ffb47060cab752ed1b899dea649c9cf1c6b54ae13b4f81f4d10"
  name = "github.com/stretchr/testify"
  packages = ["assert"]
  pruneopts = "UT"
  revision = "4d4bfba8f1d1027c4fdbe371823030df51419987"

[solve-meta]
  analyzer-name = "dep"
  analyzer-version = 1
  input-imports = [
    "github.com/hashicorp/consul/api",
    "github.com/hashicorp/go-multierror",
    "github.com/hashicorp/hcl",
    "github.com/mantl/consul-cli/action",
    "github.com/mantl/consul-cli/commands",
    "github.com/spf13/cobra",
    "github.com/stretchr/testify/assert",
  ]
  solver-name = "gps-cdcl"
  solver-version = 1
